
Microsoft Visual Studio Solution File, Format Version 12.00
# Visual Studio Version 17
VisualStudioVersion = 17.4.33122.133
MinimumVisualStudioVersion = 10.0.40219.1
Project("{FAE04EC0-301F-11D3-BF4B-00C04F79EFBC}") = "Raspite.Serializer", "Raspite.Serializer\Raspite.Serializer.csproj", "{F7BFB0F3-E66D-48CF-88B1-4E3A60B2E70A}"
EndProject
Project("{FAE04EC0-301F-11D3-BF4B-00C04F79EFBC}") = "Raspite.Example", "Raspite.Example\Raspite.Example.csproj", "{D5EB155C-5365-4E75-935E-CDFA79A9E146}"
EndProject
Project("{FAE04EC0-301F-11D3-BF4B-00C04F79EFBC}") = "Raspite.Tests", "Raspite.Tests\Raspite.Tests.csproj", "{D74C9C84-B359-49A5-8B0C-B296C7D8C3D3}"
EndProject
Global
	GlobalSection(SolutionConfigurationPlatforms) = preSolution
		Debug|Any CPU = Debug|Any CPU
		Debug|ARM64 = Debug|ARM64
		Debug|x64 = Debug|x64
		Debug|x86 = Debug|x86
		Release|Any CPU = Release|Any CPU
		Release|ARM64 = Release|ARM64
		Release|x64 = Release|x64
		Release|x86 = Release|x86
	EndGlobalSection
	GlobalSection(ProjectConfigurationPlatforms) = postSolution
		{F7BFB0F3-E66D-48CF-88B1-4E3A60B2E70A}.Debug|Any CPU.ActiveCfg = Debug|Any CPU
		{F7BFB0F3-E66D-48CF-88B1-4E3A60B2E70A}.Debug|Any CPU.Build.0 = Debug|Any CPU
		{F7BFB0F3-E66D-48CF-88B1-4E3A60B2E70A}.Debug|ARM64.ActiveCfg = Debug|Any CPU
		{F7BFB0F3-E66D-48CF-88B1-4E3A60B2E70A}.Debug|ARM64.Build.0 = Debug|Any CPU
		{F7BFB0F3-E66D-48CF-88B1-4E3A60B2E70A}.Debug|x64.ActiveCfg = Debug|Any CPU
		{F7BFB0F3-E66D-48CF-88B1-4E3A60B2E70A}.Debug|x64.Build.0 = Debug|Any CPU
		{F7BFB0F3-E66D-48CF-88B1-4E3A60B2E70A}.Debug|x86.ActiveCfg = Debug|Any CPU
		{F7BFB0F3-E66D-48CF-88B1-4E3A60B2E70A}.Debug|x86.Build.0 = Debug|Any CPU
		{F7BFB0F3-E66D-48CF-88B1-4E3A60B2E70A}.Release|Any CPU.ActiveCfg = Release|Any CPU
		{F7BFB0F3-E66D-48CF-88B1-4E3A60B2E70A}.Release|Any CPU.Build.0 = Release|Any CPU
		{F7BFB0F3-E66D-48CF-88B1-4E3A60B2E70A}.Release|ARM64.ActiveCfg = Release|Any CPU
		{F7BFB0F3-E66D-48CF-88B1-4E3A60B2E70A}.Release|ARM64.Build.0 = Release|Any CPU
		{F7BFB0F3-E66D-48CF-88B1-4E3A60B2E70A}.Release|x64.ActiveCfg = Release|Any CPU
		{F7BFB0F3-E66D-48CF-88B1-4E3A60B2E70A}.Release|x64.Build.0 = Release|Any CPU
		{F7BFB0F3-E66D-48CF-88B1-4E3A60B2E70A}.Release|x86.ActiveCfg = Release|Any CPU
		{F7BFB0F3-E66D-48CF-88B1-4E3A60B2E70A}.Release|x86.Build.0 = Release|Any CPU
		{D5EB155C-5365-4E75-935E-CDFA79A9E146}.Debug|Any CPU.ActiveCfg = Debug|Any CPU
		{D5EB155C-5365-4E75-935E-CDFA79A9E146}.Debug|Any CPU.Build.0 = Debug|Any CPU
		{D5EB155C-5365-4E75-935E-CDFA79A9E146}.Debug|ARM64.ActiveCfg = Debug|Any CPU
		{D5EB155C-5365-4E75-935E-CDFA79A9E146}.Debug|ARM64.Build.0 = Debug|Any CPU
		{D5EB155C-5365-4E75-935E-CDFA79A9E146}.Debug|x64.ActiveCfg = Debug|Any CPU
		{D5EB155C-5365-4E75-935E-CDFA79A9E146}.Debug|x64.Build.0 = Debug|Any CPU
		{D5EB155C-5365-4E75-935E-CDFA79A9E146}.Debug|x86.ActiveCfg = Debug|Any CPU
		{D5EB155C-5365-4E75-935E-CDFA79A9E146}.Debug|x86.Build.0 = Debug|Any CPU
		{D5EB155C-5365-4E75-935E-CDFA79A9E146}.Release|Any CPU.ActiveCfg = Release|Any CPU
		{D5EB155C-5365-4E75-935E-CDFA79A9E146}.Release|Any CPU.Build.0 = Release|Any CPU
		{D5EB155C-5365-4E75-935E-CDFA79A9E146}.Release|ARM64.ActiveCfg = Release|Any CPU
		{D5EB155C-5365-4E75-935E-CDFA79A9E146}.Release|ARM64.Build.0 = Release|Any CPU
		{D5EB155C-5365-4E75-935E-CDFA79A9E146}.Release|x64.ActiveCfg = Release|Any CPU
		{D5EB155C-5365-4E75-935E-CDFA79A9E146}.Release|x64.Build.0 = Release|Any CPU
		{D5EB155C-5365-4E75-935E-CDFA79A9E146}.Release|x86.ActiveCfg = Release|Any CPU
		{D5EB155C-5365-4E75-935E-CDFA79A9E146}.Release|x86.Build.0 = Release|Any CPU
		{D74C9C84-B359-49A5-8B0C-B296C7D8C3D3}.Debug|Any CPU.ActiveCfg = Debug|Any CPU
		{D74C9C84-B359-49A5-8B0C-B296C7D8C3D3}.Debug|Any CPU.Build.0 = Debug|Any CPU
		{D74C9C84-B359-49A5-8B0C-B296C7D8C3D3}.Debug|ARM64.ActiveCfg = Debug|Any CPU
		{D74C9C84-B359-49A5-8B0C-B296C7D8C3D3}.Debug|ARM64.Build.0 = Debug|Any CPU
		{D74C9C84-B359-49A5-8B0C-B296C7D8C3D3}.Debug|x64.ActiveCfg = Debug|Any CPU
		{D74C9C84-B359-49A5-8B0C-B296C7D8C3D3}.Debug|x64.Build.0 = Debug|Any CPU
		{D74C9C84-B359-49A5-8B0C-B296C7D8C3D3}.Debug|x86.ActiveCfg = Debug|Any CPU
		{D74C9C84-B359-49A5-8B0C-B296C7D8C3D3}.Debug|x86.Build.0 = Debug|Any CPU
		{D74C9C84-B359-49A5-8B0C-B296C7D8C3D3}.Release|Any CPU.ActiveCfg = Release|Any CPU
		{D74C9C84-B359-49A5-8B0C-B296C7D8C3D3}.Release|Any CPU.Build.0 = Release|Any CPU
		{D74C9C84-B359-49A5-8B0C-B296C7D8C3D3}.Release|ARM64.ActiveCfg = Release|Any CPU
		{D74C9C84-B359-49A5-8B0C-B296C7D8C3D3}.Release|ARM64.Build.0 = Release|Any CPU
		{D74C9C84-B359-49A5-8B0C-B296C7D8C3D3}.Release|x64.ActiveCfg = Release|Any CPU
		{D74C9C84-B359-49A5-8B0C-B296C7D8C3D3}.Release|x64.Build.0 = Release|Any CPU
		{D74C9C84-B359-49A5-8B0C-B296C7D8C3D3}.Release|x86.ActiveCfg = Release|Any CPU
		{D74C9C84-B359-49A5-8B0C-B296C7D8C3D3}.Release|x86.Build.0 = Release|Any CPU
	EndGlobalSection
	GlobalSection(SolutionProperties) = preSolution
		HideSolutionNode = FALSE
	EndGlobalSection
	GlobalSection(ExtensibilityGlobals) = postSolution
		SolutionGuid = {31F6A847-6ED3-4EDF-A63E-65C06E82834F}
	EndGlobalSection
EndGlobal
