
Microsoft Visual Studio Solution File, Format Version 12.00
# Visual Studio Version 17
VisualStudioVersion = 17.4.33122.133
MinimumVisualStudioVersion = 10.0.40219.1
Project("{9A19103F-16F7-4668-BE54-9A1E7A4F7556}") = "Raspite.Library", "Raspite.Library\Raspite.Library.csproj", "{43675AEC-8029-4812-AD58-8AB54087DF0D}"
EndProject
Project("{9A19103F-16F7-4668-BE54-9A1E7A4F7556}") = "Raspite.Tests", "Raspite.Tests\Raspite.Tests.csproj", "{80B6968E-8959-470E-8188-E9B99131AD18}"
EndProject
Project("{9A19103F-16F7-4668-BE54-9A1E7A4F7556}") = "Raspite.WinUI", "Raspite.WinUI\Raspite.WinUI.csproj", "{8B071015-7427-4C58-AF89-7F486C998DF5}"
EndProject
Global
	GlobalSection(SolutionConfigurationPlatforms) = preSolution
		Debug|Any CPU = Debug|Any CPU
		Debug|ARM64 = Debug|ARM64
		Debug|x64 = Debug|x64
		Debug|x86 = Debug|x86
		Release|Any CPU = Release|Any CPU
		Release|ARM64 = Release|ARM64
		Release|x64 = Release|x64
		Release|x86 = Release|x86
	EndGlobalSection
	GlobalSection(ProjectConfigurationPlatforms) = postSolution
		{43675AEC-8029-4812-AD58-8AB54087DF0D}.Debug|Any CPU.ActiveCfg = Debug|Any CPU
		{43675AEC-8029-4812-AD58-8AB54087DF0D}.Debug|Any CPU.Build.0 = Debug|Any CPU
		{43675AEC-8029-4812-AD58-8AB54087DF0D}.Debug|ARM64.ActiveCfg = Debug|Any CPU
		{43675AEC-8029-4812-AD58-8AB54087DF0D}.Debug|ARM64.Build.0 = Debug|Any CPU
		{43675AEC-8029-4812-AD58-8AB54087DF0D}.Debug|x64.ActiveCfg = Debug|Any CPU
		{43675AEC-8029-4812-AD58-8AB54087DF0D}.Debug|x64.Build.0 = Debug|Any CPU
		{43675AEC-8029-4812-AD58-8AB54087DF0D}.Debug|x86.ActiveCfg = Debug|Any CPU
		{43675AEC-8029-4812-AD58-8AB54087DF0D}.Debug|x86.Build.0 = Debug|Any CPU
		{43675AEC-8029-4812-AD58-8AB54087DF0D}.Release|Any CPU.ActiveCfg = Release|Any CPU
		{43675AEC-8029-4812-AD58-8AB54087DF0D}.Release|Any CPU.Build.0 = Release|Any CPU
		{43675AEC-8029-4812-AD58-8AB54087DF0D}.Release|ARM64.ActiveCfg = Release|Any CPU
		{43675AEC-8029-4812-AD58-8AB54087DF0D}.Release|ARM64.Build.0 = Release|Any CPU
		{43675AEC-8029-4812-AD58-8AB54087DF0D}.Release|x64.ActiveCfg = Release|Any CPU
		{43675AEC-8029-4812-AD58-8AB54087DF0D}.Release|x64.Build.0 = Release|Any CPU
		{43675AEC-8029-4812-AD58-8AB54087DF0D}.Release|x86.ActiveCfg = Release|Any CPU
		{43675AEC-8029-4812-AD58-8AB54087DF0D}.Release|x86.Build.0 = Release|Any CPU
		{80B6968E-8959-470E-8188-E9B99131AD18}.Debug|Any CPU.ActiveCfg = Debug|Any CPU
		{80B6968E-8959-470E-8188-E9B99131AD18}.Debug|Any CPU.Build.0 = Debug|Any CPU
		{80B6968E-8959-470E-8188-E9B99131AD18}.Debug|ARM64.ActiveCfg = Debug|Any CPU
		{80B6968E-8959-470E-8188-E9B99131AD18}.Debug|ARM64.Build.0 = Debug|Any CPU
		{80B6968E-8959-470E-8188-E9B99131AD18}.Debug|x64.ActiveCfg = Debug|Any CPU
		{80B6968E-8959-470E-8188-E9B99131AD18}.Debug|x64.Build.0 = Debug|Any CPU
		{80B6968E-8959-470E-8188-E9B99131AD18}.Debug|x86.ActiveCfg = Debug|Any CPU
		{80B6968E-8959-470E-8188-E9B99131AD18}.Debug|x86.Build.0 = Debug|Any CPU
		{80B6968E-8959-470E-8188-E9B99131AD18}.Release|Any CPU.ActiveCfg = Release|Any CPU
		{80B6968E-8959-470E-8188-E9B99131AD18}.Release|Any CPU.Build.0 = Release|Any CPU
		{80B6968E-8959-470E-8188-E9B99131AD18}.Release|ARM64.ActiveCfg = Release|Any CPU
		{80B6968E-8959-470E-8188-E9B99131AD18}.Release|ARM64.Build.0 = Release|Any CPU
		{80B6968E-8959-470E-8188-E9B99131AD18}.Release|x64.ActiveCfg = Release|Any CPU
		{80B6968E-8959-470E-8188-E9B99131AD18}.Release|x64.Build.0 = Release|Any CPU
		{80B6968E-8959-470E-8188-E9B99131AD18}.Release|x86.ActiveCfg = Release|Any CPU
		{80B6968E-8959-470E-8188-E9B99131AD18}.Release|x86.Build.0 = Release|Any CPU
		{8B071015-7427-4C58-AF89-7F486C998DF5}.Debug|Any CPU.ActiveCfg = Debug|x64
		{8B071015-7427-4C58-AF89-7F486C998DF5}.Debug|Any CPU.Build.0 = Debug|x64
		{8B071015-7427-4C58-AF89-7F486C998DF5}.Debug|Any CPU.Deploy.0 = Debug|x64
		{8B071015-7427-4C58-AF89-7F486C998DF5}.Debug|ARM64.ActiveCfg = Debug|ARM64
		{8B071015-7427-4C58-AF89-7F486C998DF5}.Debug|ARM64.Build.0 = Debug|ARM64
		{8B071015-7427-4C58-AF89-7F486C998DF5}.Debug|ARM64.Deploy.0 = Debug|ARM64
		{8B071015-7427-4C58-AF89-7F486C998DF5}.Debug|x64.ActiveCfg = Debug|x64
		{8B071015-7427-4C58-AF89-7F486C998DF5}.Debug|x64.Build.0 = Debug|x64
		{8B071015-7427-4C58-AF89-7F486C998DF5}.Debug|x64.Deploy.0 = Debug|x64
		{8B071015-7427-4C58-AF89-7F486C998DF5}.Debug|x86.ActiveCfg = Debug|x86
		{8B071015-7427-4C58-AF89-7F486C998DF5}.Debug|x86.Build.0 = Debug|x86
		{8B071015-7427-4C58-AF89-7F486C998DF5}.Debug|x86.Deploy.0 = Debug|x86
		{8B071015-7427-4C58-AF89-7F486C998DF5}.Release|Any CPU.ActiveCfg = Release|x64
		{8B071015-7427-4C58-AF89-7F486C998DF5}.Release|Any CPU.Build.0 = Release|x64
		{8B071015-7427-4C58-AF89-7F486C998DF5}.Release|Any CPU.Deploy.0 = Release|x64
		{8B071015-7427-4C58-AF89-7F486C998DF5}.Release|ARM64.ActiveCfg = Release|ARM64
		{8B071015-7427-4C58-AF89-7F486C998DF5}.Release|ARM64.Build.0 = Release|ARM64
		{8B071015-7427-4C58-AF89-7F486C998DF5}.Release|ARM64.Deploy.0 = Release|ARM64
		{8B071015-7427-4C58-AF89-7F486C998DF5}.Release|x64.ActiveCfg = Release|x64
		{8B071015-7427-4C58-AF89-7F486C998DF5}.Release|x64.Build.0 = Release|x64
		{8B071015-7427-4C58-AF89-7F486C998DF5}.Release|x64.Deploy.0 = Release|x64
		{8B071015-7427-4C58-AF89-7F486C998DF5}.Release|x86.ActiveCfg = Release|x86
		{8B071015-7427-4C58-AF89-7F486C998DF5}.Release|x86.Build.0 = Release|x86
		{8B071015-7427-4C58-AF89-7F486C998DF5}.Release|x86.Deploy.0 = Release|x86
	EndGlobalSection
	GlobalSection(SolutionProperties) = preSolution
		HideSolutionNode = FALSE
	EndGlobalSection
	GlobalSection(ExtensibilityGlobals) = postSolution
		SolutionGuid = {31F6A847-6ED3-4EDF-A63E-65C06E82834F}
	EndGlobalSection
EndGlobal
